// !$*UTF8*$!
{
	archiveVersion = 1;
	classes = {
	};
	objectVersion = 48;
	objects = {

/* Begin PBXBuildFile section */
		7EC279751F9E6CB30048A1E8 /* AppDelegate.swift in Sources */ = {isa = PBXBuildFile; fileRef = 7EC279741F9E6CB30048A1E8 /* AppDelegate.swift */; };
		7EC279771F9E6CB30048A1E8 /* ViewController.swift in Sources */ = {isa = PBXBuildFile; fileRef = 7EC279761F9E6CB30048A1E8 /* ViewController.swift */; };
		7EC2797A1F9E6CB30048A1E8 /* Main.storyboard in Resources */ = {isa = PBXBuildFile; fileRef = 7EC279781F9E6CB30048A1E8 /* Main.storyboard */; };
		7EC2797C1F9E6CB30048A1E8 /* Assets.xcassets in Resources */ = {isa = PBXBuildFile; fileRef = 7EC2797B1F9E6CB30048A1E8 /* Assets.xcassets */; };
		7EC2797F1F9E6CB30048A1E8 /* LaunchScreen.storyboard in Resources */ = {isa = PBXBuildFile; fileRef = 7EC2797D1F9E6CB30048A1E8 /* LaunchScreen.storyboard */; };
		7EC2798E1F9EA0950048A1E8 /* Inceptionv3.mlmodel in Sources */ = {isa = PBXBuildFile; fileRef = 7EC2798D1F9EA0890048A1E8 /* Inceptionv3.mlmodel */; };
/* End PBXBuildFile section */

/* Begin PBXFileReference section */
		7EC279711F9E6CB30048A1E8 /* Real Time Camera Object Detection.app */ = {isa = PBXFileReference; explicitFileType = wrapper.application; includeInIndex = 0; path = "Real Time Camera Object Detection.app"; sourceTree = BUILT_PRODUCTS_DIR; };
		7EC279741F9E6CB30048A1E8 /* AppDelegate.swift */ = {isa = PBXFileReference; lastKnownFileType = sourcecode.swift; path = AppDelegate.swift; sourceTree = "<group>"; };
		7EC279761F9E6CB30048A1E8 /* ViewController.swift */ = {isa = PBXFileReference; lastKnownFileType = sourcecode.swift; path = ViewController.swift; sourceTree = "<group>"; };
		7EC279791F9E6CB30048A1E8 /* Base */ = {isa = PBXFileReference; lastKnownFileType = file.storyboard; name = Base; path = Base.lproj/Main.storyboard; sourceTree = "<group>"; };
		7EC2797B1F9E6CB30048A1E8 /* Assets.xcassets */ = {isa = PBXFileReference; lastKnownFileType = folder.assetcatalog; path = Assets.xcassets; sourceTree = "<group>"; };
		7EC2797E1F9E6CB30048A1E8 /* Base */ = {isa = PBXFileReference; lastKnownFileType = file.storyboard; name = Base; path = Base.lproj/LaunchScreen.storyboard; sourceTree = "<group>"; };
		7EC279801F9E6CB30048A1E8 /* Info.plist */ = {isa = PBXFileReference; lastKnownFileType = text.plist.xml; path = Info.plist; sourceTree = "<group>"; };
		7EC2798D1F9EA0890048A1E8 /* Inceptionv3.mlmodel */ = {isa = PBXFileReference; lastKnownFileType = file.mlmodel; path = Inceptionv3.mlmodel; sourceTree = "<group>"; };
/* End PBXFileReference section */

/* Begin PBXFrameworksBuildPhase section */
		7EC2796E1F9E6CB30048A1E8 /* Frameworks */ = {
			isa = PBXFrameworksBuildPhase;
			buildActionMask = 2147483647;
			files = (
			);
			runOnlyForDeploymentPostprocessing = 0;
		};
/* End PBXFrameworksBuildPhase section */

/* Begin PBXGroup section */
		7EC279681F9E6CB30048A1E8 = {
			isa = PBXGroup;
			children = (
				7EC279731F9E6CB30048A1E8 /* Real Time Camera Object Detection */,
				7EC279721F9E6CB30048A1E8 /* Products */,
			);
			sourceTree = "<group>";
		};
		7EC279721F9E6CB30048A1E8 /* Products */ = {
			isa = PBXGroup;
			children = (
				7EC279711F9E6CB30048A1E8 /* Real Time Camera Object Detection.app */,
			);
			name = Products;
			sourceTree = "<group>";
		};
		7EC279731F9E6CB30048A1E8 /* Real Time Camera Object Detection */ = {
			isa = PBXGroup;
			children = (
				7EC279741F9E6CB30048A1E8 /* AppDelegate.swift */,
				7EC279761F9E6CB30048A1E8 /* ViewController.swift */,
				7EC2798D1F9EA0890048A1E8 /* Inceptionv3.mlmodel */,
				7EC279781F9E6CB30048A1E8 /* Main.storyboard */,
				7EC2797B1F9E6CB30048A1E8 /* Assets.xcassets */,
				7EC2797D1F9E6CB30048A1E8 /* LaunchScreen.storyboard */,
				7EC279801F9E6CB30048A1E8 /* Info.plist */,
			);
			path = "Real Time Camera Object Detection";
			sourceTree = "<group>";
		};
/* End PBXGroup section */

/* Begin PBXNativeTarget section */
		7EC279701F9E6CB30048A1E8 /* Real Time Camera Object Detection */ = {
			isa = PBXNativeTarget;
			buildConfigurationList = 7EC279831F9E6CB30048A1E8 /* Build configuration list for PBXNativeTarget "Real Time Camera Object Detection" */;
			buildPhases = (
				7EC2796D1F9E6CB30048A1E8 /* Sources */,
				7EC2796E1F9E6CB30048A1E8 /* Frameworks */,
				7EC2796F1F9E6CB30048A1E8 /* Resources */,
			);
			buildRules = (
			);
			dependencies = (
			);
			name = "Real Time Camera Object Detection";
			productName = "Real Time Camera Object Detection";
			productReference = 7EC279711F9E6CB30048A1E8 /* Real Time Camera Object Detection.app */;
			productType = "com.apple.product-type.application";
		};
/* End PBXNativeTarget section */

/* Begin PBXProject section */
		7EC279691F9E6CB30048A1E8 /* Project object */ = {
			isa = PBXProject;
			attributes = {
				LastSwiftUpdateCheck = 0900;
				LastUpgradeCheck = 0900;
				ORGANIZATIONNAME = "Samuel Gray";
				TargetAttributes = {
					7EC279701F9E6CB30048A1E8 = {
						CreatedOnToolsVersion = 9.0;
						ProvisioningStyle = Automatic;
					};
				};
			};
			buildConfigurationList = 7EC2796C1F9E6CB30048A1E8 /* Build configuration list for PBXProject "Real Time Camera Object Detection" */;
			compatibilityVersion = "Xcode 8.0";
			developmentRegion = en;
			hasScannedForEncodings = 0;
			knownRegions = (
				en,
				Base,
			);
			mainGroup = 7EC279681F9E6CB30048A1E8;
			productRefGroup = 7EC279721F9E6CB30048A1E8 /* Products */;
			projectDirPath = "";
			projectRoot = "";
			targets = (
				7EC279701F9E6CB30048A1E8 /* Real Time Camera Object Detection */,
			);
		};
/* End PBXProject section */

/* Begin PBXResourcesBuildPhase section */
		7EC2796F1F9E6CB30048A1E8 /* Resources */ = {
			isa = PBXResourcesBuildPhase;
			buildActionMask = 2147483647;
			files = (
				7EC2797F1F9E6CB30048A1E8 /* LaunchScreen.storyboard in Resources */,
				7EC2797C1F9E6CB30048A1E8 /* Assets.xcassets in Resources */,
				7EC2797A1F9E6CB30048A1E8 /* Main.storyboard in Resources */,
			);
			runOnlyForDeploymentPostprocessing = 0;
		};
/* End PBXResourcesBuildPhase section */

/* Begin PBXSourcesBuildPhase section */
		7EC2796D1F9E6CB30048A1E8 /* Sources */ = {
			isa = PBXSourcesBuildPhase;
			buildActionMask = 2147483647;
			files = (
				7EC279771F9E6CB30048A1E8 /* ViewController.swift in Sources */,
				7EC2798E1F9EA0950048A1E8 /* Inceptionv3.mlmodel in Sources */,
				7EC279751F9E6CB30048A1E8 /* AppDelegate.swift in Sources */,
			);
			runOnlyForDeploymentPostprocessing = 0;
		};
/* End PBXSourcesBuildPhase section */

/* Begin PBXVariantGroup section */
		7EC279781F9E6CB30048A1E8 /* Main.storyboard */ = {
			isa = PBXVariantGroup;
			children = (
				7EC279791F9E6CB30048A1E8 /* Base */,
			);
			name = Main.storyboard;
			sourceTree = "<group>";
		};
		7EC2797D1F9E6CB30048A1E8 /* LaunchScreen.storyboard */ = {
			isa = PBXVariantGroup;
			children = (
				7EC2797E1F9E6CB30048A1E8 /* Base */,
			);
			name = LaunchScreen.storyboard;
			sourceTree = "<group>";
		};
/* End PBXVariantGroup section */

/* Begin XCBuildConfiguration section */
		7EC279811F9E6CB30048A1E8 /* Debug */ = {
			isa = XCBuildConfiguration;
			buildSettings = {
				ALWAYS_SEARCH_USER_PATHS = NO;
				CLANG_ANALYZER_NONNULL = YES;
				CLANG_ANALYZER_NUMBER_OBJECT_CONVERSION = YES_AGGRESSIVE;
				CLANG_CXX_LANGUAGE_STANDARD = "gnu++14";
				CLANG_CXX_LIBRARY = "libc++";
				CLANG_ENABLE_MODULES = YES;
				CLANG_ENABLE_OBJC_ARC = YES;
				CLANG_WARN_BLOCK_CAPTURE_AUTORELEASING = YES;
				CLANG_WARN_BOOL_CONVERSION = YES;
				CLANG_WARN_COMMA = YES;
				CLANG_WARN_CONSTANT_CONVERSION = YES;
				CLANG_WARN_DIRECT_OBJC_ISA_USAGE = YES_ERROR;
				CLANG_WARN_DOCUMENTATION_COMMENTS = YES;
				CLANG_WARN_EMPTY_BODY = YES;
				CLANG_WARN_ENUM_CONVERSION = YES;
				CLANG_WARN_INFINITE_RECURSION = YES;
				CLANG_WARN_INT_CONVERSION = YES;
				CLANG_WARN_NON_LITERAL_NULL_CONVERSION = YES;
				CLANG_WARN_OBJC_LITERAL_CONVERSION = YES;
				CLANG_WARN_OBJC_ROOT_CLASS = YES_ERROR;
				CLANG_WARN_RANGE_LOOP_ANALYSIS = YES;
				CLANG_WARN_STRICT_PROTOTYPES = YES;
				CLANG_WARN_SUSPICIOUS_MOVE = YES;
				CLANG_WARN_UNGUARDED_AVAILABILITY = YES_AGGRESSIVE;
				CLANG_WARN_UNREACHABLE_CODE = YES;
				CLANG_WARN__DUPLICATE_METHOD_MATCH = YES;
				CODE_SIGN_IDENTITY = "iPhone Developer";
				COPY_PHASE_STRIP = NO;
				DEBUG_INFORMATION_FORMAT = dwarf;
				ENABLE_STRICT_OBJC_MSGSEND = YES;
				ENABLE_TESTABILITY = YES;
				GCC_C_LANGUAGE_STANDARD = gnu11;
				GCC_DYNAMIC_NO_PIC = NO;
				GCC_NO_COMMON_BLOCKS = YES;
				GCC_OPTIMIZATION_LEVEL = 0;
				GCC_PREPROCESSOR_DEFINITIONS = (
					"DEBUG=1",
					"$(inherited)",
				);
				GCC_WARN_64_TO_32_BIT_CONVERSION = YES;
				GCC_WARN_ABOUT_RETURN_TYPE = YES_ERROR;
				GCC_WARN_UNDECLARED_SELECTOR = YES;
				GCC_WARN_UNINITIALIZED_AUTOS = YES_AGGRESSIVE;
				GCC_WARN_UNUSED_FUNCTION = YES;
				GCC_WARN_UNUSED_VARIABLE = YES;
				IPHONEOS_DEPLOYMENT_TARGET = 11.0;
				MTL_ENABLE_DEBUG_INFO = YES;
				ONLY_ACTIVE_ARCH = YES;
				SDKROOT = iphoneos;
				SWIFT_ACTIVE_COMPILATION_CONDITIONS = DEBUG;
				SWIFT_OPTIMIZATION_LEVEL = "-Onone";
			};
			name = Debug;
		};
		7EC279821F9E6CB30048A1E8 /* Release */ = {
			isa = XCBuildConfiguration;
			buildSettings = {
				ALWAYS_SEARCH_USER_PATHS = NO;
				CLANG_ANALYZER_NONNULL = YES;
				CLANG_ANALYZER_NUMBER_OBJECT_CONVERSION = YES_AGGRESSIVE;
				CLANG_CXX_LANGUAGE_STANDARD = "gnu++14";
				CLANG_CXX_LIBRARY = "libc++";
				CLANG_ENABLE_MODULES = YES;
				CLANG_ENABLE_OBJC_ARC = YES;
				CLANG_WARN_BLOCK_CAPTURE_AUTORELEASING = YES;
				CLANG_WARN_BOOL_CONVERSION = YES;
				CLANG_WARN_COMMA = YES;
				CLANG_WARN_CONSTANT_CONVERSION = YES;
				CLANG_WARN_DIRECT_OBJC_ISA_USAGE = YES_ERROR;
				CLANG_WARN_DOCUMENTATION_COMMENTS = YES;
				CLANG_WARN_EMPTY_BODY = YES;
				CLANG_WARN_ENUM_CONVERSION = YES;
				CLANG_WARN_INFINITE_RECURSION = YES;
				CLANG_WARN_INT_CONVERSION = YES;
				CLANG_WARN_NON_LITERAL_NULL_CONVERSION = YES;
				CLANG_WARN_OBJC_LITERAL_CONVERSION = YES;
				CLANG_WARN_OBJC_ROOT_CLASS = YES_ERROR;
				CLANG_WARN_RANGE_LOOP_ANALYSIS = YES;
				CLANG_WARN_STRICT_PROTOTYPES = YES;
				CLANG_WARN_SUSPICIOUS_MOVE = YES;
				CLANG_WARN_UNGUARDED_AVAILABILITY = YES_AGGRESSIVE;
				CLANG_WARN_UNREACHABLE_CODE = YES;
				CLANG_WARN__DUPLICATE_METHOD_MATCH = YES;
				CODE_SIGN_IDENTITY = "iPhone Developer";
				COPY_PHASE_STRIP = NO;
				DEBUG_INFORMATION_FORMAT = "dwarf-with-dsym";
				ENABLE_NS_ASSERTIONS = NO;
				ENABLE_STRICT_OBJC_MSGSEND = YES;
				GCC_C_LANGUAGE_STANDARD = gnu11;
				GCC_NO_COMMON_BLOCKS = YES;
				GCC_WARN_64_TO_32_BIT_CONVERSION = YES;
				GCC_WARN_ABOUT_RETURN_TYPE = YES_ERROR;
				GCC_WARN_UNDECLARED_SELECTOR = YES;
				GCC_WARN_UNINITIALIZED_AUTOS = YES_AGGRESSIVE;
				GCC_WARN_UNUSED_FUNCTION = YES;
				GCC_WARN_UNUSED_VARIABLE = YES;
				IPHONEOS_DEPLOYMENT_TARGET = 11.0;
				MTL_ENABLE_DEBUG_INFO = NO;
				SDKROOT = iphoneos;
				SWIFT_OPTIMIZATION_LEVEL = "-Owholemodule";
				VALIDATE_PRODUCT = YES;
			};
			name = Release;
		};
		7EC279841F9E6CB30048A1E8 /* Debug */ = {
			isa = XCBuildConfiguration;
			buildSettings = {
				ASSETCATALOG_COMPILER_APPICON_NAME = AppIcon;
				CODE_SIGN_STYLE = Automatic;
				DEVELOPMENT_TEAM = E4Y6DA7TD6;
				INFOPLIST_FILE = "Real Time Camera Object Detection/Info.plist";
				LD_RUNPATH_SEARCH_PATHS = "$(inherited) @executable_path/Frameworks";
				PRODUCT_BUNDLE_IDENTIFIER = "com.samgray.app.Real-Time-Camera-Object-Detection";
				PRODUCT_NAME = "$(TARGET_NAME)";
				SWIFT_VERSION = 4.0;
				TARGETED_DEVICE_FAMILY = "1,2";
			};
			name = Debug;
		};
		7EC279851F9E6CB30048A1E8 /* Release */ = {
			isa = XCBuildConfiguration;
			buildSettings = {
				ASSETCATALOG_COMPILER_APPICON_NAME = AppIcon;
				CODE_SIGN_STYLE = Automatic;
				DEVELOPMENT_TEAM = E4Y6DA7TD6;
				INFOPLIST_FILE = "Real Time Camera Object Detection/Info.plist";
				LD_RUNPATH_SEARCH_PATHS = "$(inherited) @executable_path/Frameworks";
				PRODUCT_BUNDLE_IDENTIFIER = "com.samgray.app.Real-Time-Camera-Object-Detection";
				PRODUCT_NAME = "$(TARGET_NAME)";
				SWIFT_VERSION = 4.0;
				TARGETED_DEVICE_FAMILY = "1,2";
			};
			name = Release;
		};
/* End XCBuildConfiguration section */

/* Begin XCConfigurationList section */
		7EC2796C1F9E6CB30048A1E8 /* Build configuration list for PBXProject "Real Time Camera Object Detection" */ = {
			isa = XCConfigurationList;
			buildConfigurations = (
				7EC279811F9E6CB30048A1E8 /* Debug */,
				7EC279821F9E6CB30048A1E8 /* Release */,
			);
			defaultConfigurationIsVisible = 0;
			defaultConfigurationName = Release;
		};
		7EC279831F9E6CB30048A1E8 /* Build configuration list for PBXNativeTarget "Real Time Camera Object Detection" */ = {
			isa = XCConfigurationList;
			buildConfigurations = (
				7EC279841F9E6CB30048A1E8 /* Debug */,
				7EC279851F9E6CB30048A1E8 /* Release */,
			);
			defaultConfigurationIsVisible = 0;
			defaultConfigurationName = Release;
		};
/* End XCConfigurationList section */
	};
	rootObject = 7EC279691F9E6CB30048A1E8 /* Project object */;
}
